
Microsoft Visual Studio Solution File, Format Version 12.00
# Visual Studio 14
VisualStudioVersion = 14.0.25420.1
MinimumVisualStudioVersion = 10.0.40219.1
Project("{FAE04EC0-301F-11D3-BF4B-00C04F79EFBC}") = "Zahar.SqlClient", "src\Zahar.SqlClient\Zahar.SqlClient.csproj", "{D3844458-798B-4FB8-A040-40F76EC99A48}"
EndProject
Project("{FAE04EC0-301F-11D3-BF4B-00C04F79EFBC}") = "UnitTests.Zahar.SqlClient", "tests\UnitTests.Zahar.SqlClient\UnitTests.Zahar.SqlClient.csproj", "{571A1259-249F-4D3C-8FE8-93CD03472F70}"
EndProject
Project("{FAE04EC0-301F-11D3-BF4B-00C04F79EFBC}") = "IntegrationTests.Zahar.SqlClient", "tests\IntegrationTests.Zahar.SqlClient\IntegrationTests.Zahar.SqlClient.csproj", "{90C846D7-5B19-43C0-B268-7D148303CBAC}"
EndProject
Project("{2150E333-8FDC-42A3-9474-1A3956D46DE8}") = "tests", "tests", "{83C800AA-17A1-4ACC-953D-921816E4F3C3}"
EndProject
Project("{00D1A9C2-B5F0-4AF3-8072-F6C62B433612}") = "Zahar", "tests\Zahar\Zahar.sqlproj", "{FC25CC12-AE9F-49A9-B379-E76D36329CE5}"
EndProject
Global
	GlobalSection(SolutionConfigurationPlatforms) = preSolution
		Debug|Any CPU = Debug|Any CPU
		Release|Any CPU = Release|Any CPU
	EndGlobalSection
	GlobalSection(ProjectConfigurationPlatforms) = postSolution
		{D3844458-798B-4FB8-A040-40F76EC99A48}.Debug|Any CPU.ActiveCfg = Debug|Any CPU
		{D3844458-798B-4FB8-A040-40F76EC99A48}.Debug|Any CPU.Build.0 = Debug|Any CPU
		{D3844458-798B-4FB8-A040-40F76EC99A48}.Release|Any CPU.ActiveCfg = Release|Any CPU
		{D3844458-798B-4FB8-A040-40F76EC99A48}.Release|Any CPU.Build.0 = Release|Any CPU
		{571A1259-249F-4D3C-8FE8-93CD03472F70}.Debug|Any CPU.ActiveCfg = Debug|Any CPU
		{571A1259-249F-4D3C-8FE8-93CD03472F70}.Debug|Any CPU.Build.0 = Debug|Any CPU
		{571A1259-249F-4D3C-8FE8-93CD03472F70}.Release|Any CPU.ActiveCfg = Release|Any CPU
		{571A1259-249F-4D3C-8FE8-93CD03472F70}.Release|Any CPU.Build.0 = Release|Any CPU
		{90C846D7-5B19-43C0-B268-7D148303CBAC}.Debug|Any CPU.ActiveCfg = Debug|Any CPU
		{90C846D7-5B19-43C0-B268-7D148303CBAC}.Debug|Any CPU.Build.0 = Debug|Any CPU
		{90C846D7-5B19-43C0-B268-7D148303CBAC}.Release|Any CPU.ActiveCfg = Release|Any CPU
		{90C846D7-5B19-43C0-B268-7D148303CBAC}.Release|Any CPU.Build.0 = Release|Any CPU
		{FC25CC12-AE9F-49A9-B379-E76D36329CE5}.Debug|Any CPU.ActiveCfg = Debug|Any CPU
		{FC25CC12-AE9F-49A9-B379-E76D36329CE5}.Debug|Any CPU.Build.0 = Debug|Any CPU
		{FC25CC12-AE9F-49A9-B379-E76D36329CE5}.Debug|Any CPU.Deploy.0 = Debug|Any CPU
		{FC25CC12-AE9F-49A9-B379-E76D36329CE5}.Release|Any CPU.ActiveCfg = Release|Any CPU
		{FC25CC12-AE9F-49A9-B379-E76D36329CE5}.Release|Any CPU.Build.0 = Release|Any CPU
		{FC25CC12-AE9F-49A9-B379-E76D36329CE5}.Release|Any CPU.Deploy.0 = Release|Any CPU
	EndGlobalSection
	GlobalSection(SolutionProperties) = preSolution
		HideSolutionNode = FALSE
	EndGlobalSection
	GlobalSection(NestedProjects) = preSolution
		{571A1259-249F-4D3C-8FE8-93CD03472F70} = {83C800AA-17A1-4ACC-953D-921816E4F3C3}
		{90C846D7-5B19-43C0-B268-7D148303CBAC} = {83C800AA-17A1-4ACC-953D-921816E4F3C3}
		{FC25CC12-AE9F-49A9-B379-E76D36329CE5} = {83C800AA-17A1-4ACC-953D-921816E4F3C3}
	EndGlobalSection
EndGlobal
