
Microsoft Visual Studio Solution File, Format Version 12.00
# Visual Studio 14
VisualStudioVersion = 14.0.25420.1
MinimumVisualStudioVersion = 10.0.40219.1
Project("{FAE04EC0-301F-11D3-BF4B-00C04F79EFBC}") = "Zahar.SqlClient", "src\Zahar.SqlClient\Zahar.SqlClient.csproj", "{D3844458-798B-4FB8-A040-40F76EC99A48}"
EndProject
Project("{FAE04EC0-301F-11D3-BF4B-00C04F79EFBC}") = "UnitTests.Zahar.SqlClient", "tests\UnitTests.Zahar.SqlClient\UnitTests.Zahar.SqlClient.csproj", "{571A1259-249F-4D3C-8FE8-93CD03472F70}"
EndProject
Project("{FAE04EC0-301F-11D3-BF4B-00C04F79EFBC}") = "IntegrationTests.Zahar.SqlClient", "tests\IntegrationTests.Zahar.SqlClient\IntegrationTests.Zahar.SqlClient.csproj", "{90C846D7-5B19-43C0-B268-7D148303CBAC}"
EndProject
Project("{2150E333-8FDC-42A3-9474-1A3956D46DE8}") = "tests", "tests", "{83C800AA-17A1-4ACC-953D-921816E4F3C3}"
EndProject
Project("{FAE04EC0-301F-11D3-BF4B-00C04F79EFBC}") = "IntegrationTests.Zahar.SqlClient.Codegen", "tests\IntegrationTests.Zahar.SqlClient.Codegen\IntegrationTests.Zahar.SqlClient.Codegen.csproj", "{D22DF00E-72B0-4ADA-993B-0351398419A8}"
EndProject
Project("{2150E333-8FDC-42A3-9474-1A3956D46DE8}") = "vsix", "vsix", "{9324C239-D43E-4514-ABAA-1DFB15A96CA2}"
EndProject
Project("{FAE04EC0-301F-11D3-BF4B-00C04F79EFBC}") = "Zahar.SqlClient.ItemTemplate", "vsix\Zahar.SqlClient.ItemTemplate\Zahar.SqlClient.ItemTemplate.csproj", "{75349B6C-454D-4810-BB41-CEF0321B7956}"
	ProjectSection(ProjectDependencies) = postProject
		{D3844458-798B-4FB8-A040-40F76EC99A48} = {D3844458-798B-4FB8-A040-40F76EC99A48}
	EndProjectSection
EndProject
Project("{FAE04EC0-301F-11D3-BF4B-00C04F79EFBC}") = "Zahar.SqlClient.Vsix", "vsix\Zahar.SqlClient.Vsix\Zahar.SqlClient.Vsix.csproj", "{7345B410-D80C-4F1E-BC5A-C51EC7D7ECB0}"
	ProjectSection(ProjectDependencies) = postProject
		{D3844458-798B-4FB8-A040-40F76EC99A48} = {D3844458-798B-4FB8-A040-40F76EC99A48}
	EndProjectSection
EndProject
Project("{2150E333-8FDC-42A3-9474-1A3956D46DE8}") = "Solution Items", "Solution Items", "{7711C16A-203C-4758-BB01-F0BA81C7CF04}"
	ProjectSection(SolutionItems) = preProject
		CHANGELOG.md = CHANGELOG.md
	EndProjectSection
EndProject
Project("{FAE04EC0-301F-11D3-BF4B-00C04F79EFBC}") = "TransactionScript.AdventureWorks2014", "tests\TransactionScript.AdventureWorks2014\TransactionScript.AdventureWorks2014.csproj", "{541691F3-0D21-4261-97FA-C96F8BAD285E}"
EndProject
Project("{00D1A9C2-B5F0-4AF3-8072-F6C62B433612}") = "UseCaseDb", "tests\UseCaseDb\UseCaseDb.sqlproj", "{EE15D141-7EBF-4F17-81BF-10AC37A5D86B}"
EndProject
Project("{FAE04EC0-301F-11D3-BF4B-00C04F79EFBC}") = "TransactionScript.UseCaseDb", "tests\TransactionScript.UseCaseDb\TransactionScript.UseCaseDb.csproj", "{5615C986-457E-4127-BD8C-375B197F83EE}"
EndProject
Global
	GlobalSection(SolutionConfigurationPlatforms) = preSolution
		Debug|Any CPU = Debug|Any CPU
		Release|Any CPU = Release|Any CPU
	EndGlobalSection
	GlobalSection(ProjectConfigurationPlatforms) = postSolution
		{D3844458-798B-4FB8-A040-40F76EC99A48}.Debug|Any CPU.ActiveCfg = Debug|Any CPU
		{D3844458-798B-4FB8-A040-40F76EC99A48}.Debug|Any CPU.Build.0 = Debug|Any CPU
		{D3844458-798B-4FB8-A040-40F76EC99A48}.Release|Any CPU.ActiveCfg = Release|Any CPU
		{D3844458-798B-4FB8-A040-40F76EC99A48}.Release|Any CPU.Build.0 = Release|Any CPU
		{571A1259-249F-4D3C-8FE8-93CD03472F70}.Debug|Any CPU.ActiveCfg = Debug|Any CPU
		{571A1259-249F-4D3C-8FE8-93CD03472F70}.Debug|Any CPU.Build.0 = Debug|Any CPU
		{571A1259-249F-4D3C-8FE8-93CD03472F70}.Release|Any CPU.ActiveCfg = Release|Any CPU
		{571A1259-249F-4D3C-8FE8-93CD03472F70}.Release|Any CPU.Build.0 = Release|Any CPU
		{90C846D7-5B19-43C0-B268-7D148303CBAC}.Debug|Any CPU.ActiveCfg = Debug|Any CPU
		{90C846D7-5B19-43C0-B268-7D148303CBAC}.Debug|Any CPU.Build.0 = Debug|Any CPU
		{90C846D7-5B19-43C0-B268-7D148303CBAC}.Release|Any CPU.ActiveCfg = Release|Any CPU
		{90C846D7-5B19-43C0-B268-7D148303CBAC}.Release|Any CPU.Build.0 = Release|Any CPU
		{D22DF00E-72B0-4ADA-993B-0351398419A8}.Debug|Any CPU.ActiveCfg = Debug|Any CPU
		{D22DF00E-72B0-4ADA-993B-0351398419A8}.Debug|Any CPU.Build.0 = Debug|Any CPU
		{D22DF00E-72B0-4ADA-993B-0351398419A8}.Release|Any CPU.ActiveCfg = Release|Any CPU
		{D22DF00E-72B0-4ADA-993B-0351398419A8}.Release|Any CPU.Build.0 = Release|Any CPU
		{75349B6C-454D-4810-BB41-CEF0321B7956}.Debug|Any CPU.ActiveCfg = Debug|Any CPU
		{75349B6C-454D-4810-BB41-CEF0321B7956}.Debug|Any CPU.Build.0 = Debug|Any CPU
		{75349B6C-454D-4810-BB41-CEF0321B7956}.Release|Any CPU.ActiveCfg = Release|Any CPU
		{75349B6C-454D-4810-BB41-CEF0321B7956}.Release|Any CPU.Build.0 = Release|Any CPU
		{7345B410-D80C-4F1E-BC5A-C51EC7D7ECB0}.Debug|Any CPU.ActiveCfg = Debug|Any CPU
		{7345B410-D80C-4F1E-BC5A-C51EC7D7ECB0}.Debug|Any CPU.Build.0 = Debug|Any CPU
		{7345B410-D80C-4F1E-BC5A-C51EC7D7ECB0}.Release|Any CPU.ActiveCfg = Release|Any CPU
		{7345B410-D80C-4F1E-BC5A-C51EC7D7ECB0}.Release|Any CPU.Build.0 = Release|Any CPU
		{541691F3-0D21-4261-97FA-C96F8BAD285E}.Debug|Any CPU.ActiveCfg = Debug|Any CPU
		{541691F3-0D21-4261-97FA-C96F8BAD285E}.Debug|Any CPU.Build.0 = Debug|Any CPU
		{541691F3-0D21-4261-97FA-C96F8BAD285E}.Release|Any CPU.ActiveCfg = Release|Any CPU
		{541691F3-0D21-4261-97FA-C96F8BAD285E}.Release|Any CPU.Build.0 = Release|Any CPU
		{EE15D141-7EBF-4F17-81BF-10AC37A5D86B}.Debug|Any CPU.ActiveCfg = Debug|Any CPU
		{EE15D141-7EBF-4F17-81BF-10AC37A5D86B}.Debug|Any CPU.Build.0 = Debug|Any CPU
		{EE15D141-7EBF-4F17-81BF-10AC37A5D86B}.Debug|Any CPU.Deploy.0 = Debug|Any CPU
		{EE15D141-7EBF-4F17-81BF-10AC37A5D86B}.Release|Any CPU.ActiveCfg = Release|Any CPU
		{EE15D141-7EBF-4F17-81BF-10AC37A5D86B}.Release|Any CPU.Build.0 = Release|Any CPU
		{EE15D141-7EBF-4F17-81BF-10AC37A5D86B}.Release|Any CPU.Deploy.0 = Release|Any CPU
		{5615C986-457E-4127-BD8C-375B197F83EE}.Debug|Any CPU.ActiveCfg = Debug|Any CPU
		{5615C986-457E-4127-BD8C-375B197F83EE}.Debug|Any CPU.Build.0 = Debug|Any CPU
		{5615C986-457E-4127-BD8C-375B197F83EE}.Release|Any CPU.ActiveCfg = Release|Any CPU
		{5615C986-457E-4127-BD8C-375B197F83EE}.Release|Any CPU.Build.0 = Release|Any CPU
	EndGlobalSection
	GlobalSection(SolutionProperties) = preSolution
		HideSolutionNode = FALSE
	EndGlobalSection
	GlobalSection(NestedProjects) = preSolution
		{571A1259-249F-4D3C-8FE8-93CD03472F70} = {83C800AA-17A1-4ACC-953D-921816E4F3C3}
		{90C846D7-5B19-43C0-B268-7D148303CBAC} = {83C800AA-17A1-4ACC-953D-921816E4F3C3}
		{D22DF00E-72B0-4ADA-993B-0351398419A8} = {83C800AA-17A1-4ACC-953D-921816E4F3C3}
		{75349B6C-454D-4810-BB41-CEF0321B7956} = {9324C239-D43E-4514-ABAA-1DFB15A96CA2}
		{7345B410-D80C-4F1E-BC5A-C51EC7D7ECB0} = {9324C239-D43E-4514-ABAA-1DFB15A96CA2}
		{541691F3-0D21-4261-97FA-C96F8BAD285E} = {83C800AA-17A1-4ACC-953D-921816E4F3C3}
		{EE15D141-7EBF-4F17-81BF-10AC37A5D86B} = {83C800AA-17A1-4ACC-953D-921816E4F3C3}
		{5615C986-457E-4127-BD8C-375B197F83EE} = {83C800AA-17A1-4ACC-953D-921816E4F3C3}
	EndGlobalSection
EndGlobal
