
Microsoft Visual Studio Solution File, Format Version 12.00
# Visual Studio 14
VisualStudioVersion = 14.0.25420.1
MinimumVisualStudioVersion = 10.0.40219.1
Project("{FAE04EC0-301F-11D3-BF4B-00C04F79EFBC}") = "Zahar.SqlClient", "src\Zahar.SqlClient\Zahar.SqlClient.csproj", "{D3844458-798B-4FB8-A040-40F76EC99A48}"
EndProject
Project("{FAE04EC0-301F-11D3-BF4B-00C04F79EFBC}") = "UnitTests.Zahar.SqlClient", "tests\UnitTests.Zahar.SqlClient\UnitTests.Zahar.SqlClient.csproj", "{571A1259-249F-4D3C-8FE8-93CD03472F70}"
EndProject
Project("{FAE04EC0-301F-11D3-BF4B-00C04F79EFBC}") = "IntegrationTests.Zahar.SqlClient", "tests\IntegrationTests.Zahar.SqlClient\IntegrationTests.Zahar.SqlClient.csproj", "{90C846D7-5B19-43C0-B268-7D148303CBAC}"
EndProject
Project("{2150E333-8FDC-42A3-9474-1A3956D46DE8}") = "tests", "tests", "{83C800AA-17A1-4ACC-953D-921816E4F3C3}"
EndProject
Project("{00D1A9C2-B5F0-4AF3-8072-F6C62B433612}") = "Zahar", "tests\Zahar\Zahar.sqlproj", "{FC25CC12-AE9F-49A9-B379-E76D36329CE5}"
EndProject
Project("{FAE04EC0-301F-11D3-BF4B-00C04F79EFBC}") = "AdventureWorks2014Client", "tests\AdventureWorks2014Client\AdventureWorks2014Client.csproj", "{21D11182-05EA-4EE5-9C90-DE5B4A5750D8}"
EndProject
Project("{FAE04EC0-301F-11D3-BF4B-00C04F79EFBC}") = "ZaharClient", "tests\ZaharClient\ZaharClient.csproj", "{1A8F823D-5710-4BDE-92BF-A72A79AF49DE}"
EndProject
Project("{FAE04EC0-301F-11D3-BF4B-00C04F79EFBC}") = "IntegrationTests.Zahar.SqlClient.Codegen", "tests\IntegrationTests.Zahar.SqlClient.Codegen\IntegrationTests.Zahar.SqlClient.Codegen.csproj", "{D22DF00E-72B0-4ADA-993B-0351398419A8}"
EndProject
Project("{FAE04EC0-301F-11D3-BF4B-00C04F79EFBC}") = "Zahar.SqlClient.ItemTemplate", "Zahar.SqlClient.ItemTemplate\Zahar.SqlClient.ItemTemplate.csproj", "{75349B6C-454D-4810-BB41-CEF0321B7956}"
	ProjectSection(ProjectDependencies) = postProject
		{D3844458-798B-4FB8-A040-40F76EC99A48} = {D3844458-798B-4FB8-A040-40F76EC99A48}
	EndProjectSection
EndProject
Project("{FAE04EC0-301F-11D3-BF4B-00C04F79EFBC}") = "Zahar.SqlClient.Vsix", "Zahar.SqlClient.Vsix\Zahar.SqlClient.Vsix.csproj", "{7345B410-D80C-4F1E-BC5A-C51EC7D7ECB0}"
EndProject
Global
	GlobalSection(SolutionConfigurationPlatforms) = preSolution
		Debug|Any CPU = Debug|Any CPU
		Release|Any CPU = Release|Any CPU
	EndGlobalSection
	GlobalSection(ProjectConfigurationPlatforms) = postSolution
		{D3844458-798B-4FB8-A040-40F76EC99A48}.Debug|Any CPU.ActiveCfg = Debug|Any CPU
		{D3844458-798B-4FB8-A040-40F76EC99A48}.Debug|Any CPU.Build.0 = Debug|Any CPU
		{D3844458-798B-4FB8-A040-40F76EC99A48}.Release|Any CPU.ActiveCfg = Release|Any CPU
		{D3844458-798B-4FB8-A040-40F76EC99A48}.Release|Any CPU.Build.0 = Release|Any CPU
		{571A1259-249F-4D3C-8FE8-93CD03472F70}.Debug|Any CPU.ActiveCfg = Debug|Any CPU
		{571A1259-249F-4D3C-8FE8-93CD03472F70}.Debug|Any CPU.Build.0 = Debug|Any CPU
		{571A1259-249F-4D3C-8FE8-93CD03472F70}.Release|Any CPU.ActiveCfg = Release|Any CPU
		{571A1259-249F-4D3C-8FE8-93CD03472F70}.Release|Any CPU.Build.0 = Release|Any CPU
		{90C846D7-5B19-43C0-B268-7D148303CBAC}.Debug|Any CPU.ActiveCfg = Debug|Any CPU
		{90C846D7-5B19-43C0-B268-7D148303CBAC}.Debug|Any CPU.Build.0 = Debug|Any CPU
		{90C846D7-5B19-43C0-B268-7D148303CBAC}.Release|Any CPU.ActiveCfg = Release|Any CPU
		{90C846D7-5B19-43C0-B268-7D148303CBAC}.Release|Any CPU.Build.0 = Release|Any CPU
		{FC25CC12-AE9F-49A9-B379-E76D36329CE5}.Debug|Any CPU.ActiveCfg = Debug|Any CPU
		{FC25CC12-AE9F-49A9-B379-E76D36329CE5}.Debug|Any CPU.Build.0 = Debug|Any CPU
		{FC25CC12-AE9F-49A9-B379-E76D36329CE5}.Debug|Any CPU.Deploy.0 = Debug|Any CPU
		{FC25CC12-AE9F-49A9-B379-E76D36329CE5}.Release|Any CPU.ActiveCfg = Release|Any CPU
		{FC25CC12-AE9F-49A9-B379-E76D36329CE5}.Release|Any CPU.Build.0 = Release|Any CPU
		{FC25CC12-AE9F-49A9-B379-E76D36329CE5}.Release|Any CPU.Deploy.0 = Release|Any CPU
		{21D11182-05EA-4EE5-9C90-DE5B4A5750D8}.Debug|Any CPU.ActiveCfg = Debug|Any CPU
		{21D11182-05EA-4EE5-9C90-DE5B4A5750D8}.Debug|Any CPU.Build.0 = Debug|Any CPU
		{21D11182-05EA-4EE5-9C90-DE5B4A5750D8}.Release|Any CPU.ActiveCfg = Release|Any CPU
		{21D11182-05EA-4EE5-9C90-DE5B4A5750D8}.Release|Any CPU.Build.0 = Release|Any CPU
		{1A8F823D-5710-4BDE-92BF-A72A79AF49DE}.Debug|Any CPU.ActiveCfg = Debug|Any CPU
		{1A8F823D-5710-4BDE-92BF-A72A79AF49DE}.Debug|Any CPU.Build.0 = Debug|Any CPU
		{1A8F823D-5710-4BDE-92BF-A72A79AF49DE}.Release|Any CPU.ActiveCfg = Release|Any CPU
		{1A8F823D-5710-4BDE-92BF-A72A79AF49DE}.Release|Any CPU.Build.0 = Release|Any CPU
		{D22DF00E-72B0-4ADA-993B-0351398419A8}.Debug|Any CPU.ActiveCfg = Debug|Any CPU
		{D22DF00E-72B0-4ADA-993B-0351398419A8}.Debug|Any CPU.Build.0 = Debug|Any CPU
		{D22DF00E-72B0-4ADA-993B-0351398419A8}.Release|Any CPU.ActiveCfg = Release|Any CPU
		{D22DF00E-72B0-4ADA-993B-0351398419A8}.Release|Any CPU.Build.0 = Release|Any CPU
		{75349B6C-454D-4810-BB41-CEF0321B7956}.Debug|Any CPU.ActiveCfg = Debug|Any CPU
		{75349B6C-454D-4810-BB41-CEF0321B7956}.Debug|Any CPU.Build.0 = Debug|Any CPU
		{75349B6C-454D-4810-BB41-CEF0321B7956}.Release|Any CPU.ActiveCfg = Release|Any CPU
		{75349B6C-454D-4810-BB41-CEF0321B7956}.Release|Any CPU.Build.0 = Release|Any CPU
		{7345B410-D80C-4F1E-BC5A-C51EC7D7ECB0}.Debug|Any CPU.ActiveCfg = Debug|Any CPU
		{7345B410-D80C-4F1E-BC5A-C51EC7D7ECB0}.Debug|Any CPU.Build.0 = Debug|Any CPU
		{7345B410-D80C-4F1E-BC5A-C51EC7D7ECB0}.Release|Any CPU.ActiveCfg = Release|Any CPU
		{7345B410-D80C-4F1E-BC5A-C51EC7D7ECB0}.Release|Any CPU.Build.0 = Release|Any CPU
	EndGlobalSection
	GlobalSection(SolutionProperties) = preSolution
		HideSolutionNode = FALSE
	EndGlobalSection
	GlobalSection(NestedProjects) = preSolution
		{571A1259-249F-4D3C-8FE8-93CD03472F70} = {83C800AA-17A1-4ACC-953D-921816E4F3C3}
		{90C846D7-5B19-43C0-B268-7D148303CBAC} = {83C800AA-17A1-4ACC-953D-921816E4F3C3}
		{FC25CC12-AE9F-49A9-B379-E76D36329CE5} = {83C800AA-17A1-4ACC-953D-921816E4F3C3}
		{21D11182-05EA-4EE5-9C90-DE5B4A5750D8} = {83C800AA-17A1-4ACC-953D-921816E4F3C3}
		{1A8F823D-5710-4BDE-92BF-A72A79AF49DE} = {83C800AA-17A1-4ACC-953D-921816E4F3C3}
		{D22DF00E-72B0-4ADA-993B-0351398419A8} = {83C800AA-17A1-4ACC-953D-921816E4F3C3}
	EndGlobalSection
EndGlobal
